
Microsoft Visual Studio Solution File, Format Version 12.00
# Visual Studio Version 17
VisualStudioVersion = 17.9.34902.65
MinimumVisualStudioVersion = 10.0.40219.1
Project("{FAE04EC0-301F-11D3-BF4B-00C04F79EFBC}") = "LaborationThree", "LaborationThree.csproj", "{DA8B0D63-6FBA-4DCA-B8DE-E282732DBD69}"
EndProject
Global
	GlobalSection(SolutionConfigurationPlatforms) = preSolution
		Debug|Any CPU = Debug|Any CPU
		Release|Any CPU = Release|Any CPU
	EndGlobalSection
	GlobalSection(ProjectConfigurationPlatforms) = postSolution
		{DA8B0D63-6FBA-4DCA-B8DE-E282732DBD69}.Debug|Any CPU.ActiveCfg = Debug|Any CPU
		{DA8B0D63-6FBA-4DCA-B8DE-E282732DBD69}.Debug|Any CPU.Build.0 = Debug|Any CPU
		{DA8B0D63-6FBA-4DCA-B8DE-E282732DBD69}.Release|Any CPU.ActiveCfg = Release|Any CPU
		{DA8B0D63-6FBA-4DCA-B8DE-E282732DBD69}.Release|Any CPU.Build.0 = Release|Any CPU
	EndGlobalSection
	GlobalSection(SolutionProperties) = preSolution
		HideSolutionNode = FALSE
	EndGlobalSection
	GlobalSection(ExtensibilityGlobals) = postSolution
		SolutionGuid = {7189AA9B-7608-49DF-B668-C2CD90827C3F}
	EndGlobalSection
EndGlobal
